
Microsoft Visual Studio Solution File, Format Version 10.00
# Visual Studio 2008
Project("{8BC9CEB8-8B4A-11D0-8D11-00A0C91BC942}") = "perseus6010_mo1000_mi125", "perseus6010_mo1000_mi125.vcproj", "{BBB2582E-762B-4D0A-AFC9-97F63500DDCB}"
EndProject
Global
	GlobalSection(SolutionConfigurationPlatforms) = preSolution
		Debug|x64 = Debug|x64
		Release|x64 = Release|x64
	EndGlobalSection
	GlobalSection(ProjectConfigurationPlatforms) = postSolution
		{BBB2582E-762B-4D0A-AFC9-97F63500DDCB}.Debug|x64.ActiveCfg = Debug|x64
		{BBB2582E-762B-4D0A-AFC9-97F63500DDCB}.Debug|x64.Build.0 = Debug|x64
		{BBB2582E-762B-4D0A-AFC9-97F63500DDCB}.Release|x64.ActiveCfg = Release|x64
		{BBB2582E-762B-4D0A-AFC9-97F63500DDCB}.Release|x64.Build.0 = Release|x64
	EndGlobalSection
	GlobalSection(SolutionProperties) = preSolution
		HideSolutionNode = FALSE
	EndGlobalSection
EndGlobal
